
Microsoft Visual Studio Solution File, Format Version 12.00
# Visual Studio 2012
Project("{FAE04EC0-301F-11D3-BF4B-00C04F79EFBC}") = "Bank", "Bank\Bank.csproj", "{8ED87F0E-EA62-4753-A837-7AB6F60FE204}"
EndProject
Project("{FAE04EC0-301F-11D3-BF4B-00C04F79EFBC}") = "BankTest", "BankTest\BankTest.csproj", "{6E968DE1-4DDA-47EF-B4B0-1E6B58B0CA10}"
EndProject
Global
	GlobalSection(SolutionConfigurationPlatforms) = preSolution
		Debug|Any CPU = Debug|Any CPU
		Release|Any CPU = Release|Any CPU
	EndGlobalSection
	GlobalSection(ProjectConfigurationPlatforms) = postSolution
		{8ED87F0E-EA62-4753-A837-7AB6F60FE204}.Debug|Any CPU.ActiveCfg = Debug|Any CPU
		{8ED87F0E-EA62-4753-A837-7AB6F60FE204}.Debug|Any CPU.Build.0 = Debug|Any CPU
		{8ED87F0E-EA62-4753-A837-7AB6F60FE204}.Release|Any CPU.ActiveCfg = Release|Any CPU
		{8ED87F0E-EA62-4753-A837-7AB6F60FE204}.Release|Any CPU.Build.0 = Release|Any CPU
		{6E968DE1-4DDA-47EF-B4B0-1E6B58B0CA10}.Debug|Any CPU.ActiveCfg = Debug|Any CPU
		{6E968DE1-4DDA-47EF-B4B0-1E6B58B0CA10}.Debug|Any CPU.Build.0 = Debug|Any CPU
		{6E968DE1-4DDA-47EF-B4B0-1E6B58B0CA10}.Release|Any CPU.ActiveCfg = Release|Any CPU
		{6E968DE1-4DDA-47EF-B4B0-1E6B58B0CA10}.Release|Any CPU.Build.0 = Release|Any CPU
	EndGlobalSection
	GlobalSection(SolutionProperties) = preSolution
		HideSolutionNode = FALSE
	EndGlobalSection
EndGlobal
